
Microsoft Visual Studio Solution File, Format Version 12.00
# Visual Studio Version 16
VisualStudioVersion = 16.0.32228.343
MinimumVisualStudioVersion = 10.0.40219.1
Project("{9A19103F-16F7-4668-BE54-9A1E7A4F7556}") = "FunnyColors", "FunnyColors.csproj", "{FE41FE2F-AB36-496D-9802-8B1357579640}"
EndProject
Global
	GlobalSection(SolutionConfigurationPlatforms) = preSolution
		Debug|Any CPU = Debug|Any CPU
		Release|Any CPU = Release|Any CPU
	EndGlobalSection
	GlobalSection(ProjectConfigurationPlatforms) = postSolution
		{FE41FE2F-AB36-496D-9802-8B1357579640}.Debug|Any CPU.ActiveCfg = Debug|Any CPU
		{FE41FE2F-AB36-496D-9802-8B1357579640}.Debug|Any CPU.Build.0 = Debug|Any CPU
		{FE41FE2F-AB36-496D-9802-8B1357579640}.Release|Any CPU.ActiveCfg = Release|Any CPU
		{FE41FE2F-AB36-496D-9802-8B1357579640}.Release|Any CPU.Build.0 = Release|Any CPU
	EndGlobalSection
	GlobalSection(SolutionProperties) = preSolution
		HideSolutionNode = FALSE
	EndGlobalSection
	GlobalSection(ExtensibilityGlobals) = postSolution
		SolutionGuid = {AE0F14EE-6712-48A2-987D-35AD8068F321}
	EndGlobalSection
EndGlobal
